
Microsoft Visual Studio Solution File, Format Version 12.00
# Visual Studio Version 16
VisualStudioVersion = 16.0.32228.343
MinimumVisualStudioVersion = 10.0.40219.1
Project("{FAE04EC0-301F-11D3-BF4B-00C04F79EFBC}") = "WebApplication2", "WebApplication2\WebApplication2.csproj", "{CABDAD78-284A-4092-B30A-39CE6BD6A462}"
EndProject
Global
	GlobalSection(SolutionConfigurationPlatforms) = preSolution
		Debug|Any CPU = Debug|Any CPU
		Release|Any CPU = Release|Any CPU
	EndGlobalSection
	GlobalSection(ProjectConfigurationPlatforms) = postSolution
		{CABDAD78-284A-4092-B30A-39CE6BD6A462}.Debug|Any CPU.ActiveCfg = Debug|Any CPU
		{CABDAD78-284A-4092-B30A-39CE6BD6A462}.Debug|Any CPU.Build.0 = Debug|Any CPU
		{CABDAD78-284A-4092-B30A-39CE6BD6A462}.Release|Any CPU.ActiveCfg = Release|Any CPU
		{CABDAD78-284A-4092-B30A-39CE6BD6A462}.Release|Any CPU.Build.0 = Release|Any CPU
	EndGlobalSection
	GlobalSection(SolutionProperties) = preSolution
		HideSolutionNode = FALSE
	EndGlobalSection
	GlobalSection(ExtensibilityGlobals) = postSolution
		SolutionGuid = {A65C8B14-CAC0-415B-A3C2-FBF75E00732B}
	EndGlobalSection
EndGlobal
